
Microsoft Visual Studio Solution File, Format Version 12.00
# Visual Studio 15
VisualStudioVersion = 15.0.28307.271
MinimumVisualStudioVersion = 10.0.40219.1
Project("{8BC9CEB8-8B4A-11D0-8D11-00A0C91BC942}") = "ConsoleApplication1", "ConsoleApplication1\ConsoleApplication1.vcxproj", "{CA7CE627-324A-4EA3-9C87-FA51461BE945}"
EndProject
Global
	GlobalSection(SolutionConfigurationPlatforms) = preSolution
		Debug|x64 = Debug|x64
		Debug|x86 = Debug|x86
		Release|x64 = Release|x64
		Release|x86 = Release|x86
	EndGlobalSection
	GlobalSection(ProjectConfigurationPlatforms) = postSolution
		{CA7CE627-324A-4EA3-9C87-FA51461BE945}.Debug|x64.ActiveCfg = Debug|x64
		{CA7CE627-324A-4EA3-9C87-FA51461BE945}.Debug|x64.Build.0 = Debug|x64
		{CA7CE627-324A-4EA3-9C87-FA51461BE945}.Debug|x86.ActiveCfg = Debug|Win32
		{CA7CE627-324A-4EA3-9C87-FA51461BE945}.Debug|x86.Build.0 = Debug|Win32
		{CA7CE627-324A-4EA3-9C87-FA51461BE945}.Release|x64.ActiveCfg = Release|x64
		{CA7CE627-324A-4EA3-9C87-FA51461BE945}.Release|x64.Build.0 = Release|x64
		{CA7CE627-324A-4EA3-9C87-FA51461BE945}.Release|x86.ActiveCfg = Release|Win32
		{CA7CE627-324A-4EA3-9C87-FA51461BE945}.Release|x86.Build.0 = Release|Win32
	EndGlobalSection
	GlobalSection(SolutionProperties) = preSolution
		HideSolutionNode = FALSE
	EndGlobalSection
	GlobalSection(ExtensibilityGlobals) = postSolution
		SolutionGuid = {CC3B7F1F-5B97-43C1-93EE-26932860E839}
	EndGlobalSection
EndGlobal
